{
  "pins" : [
    {
      "identity" : "reswift",
      "kind" : "remoteSourceControl",
      "location" : "https://github.com/ReSwift/ReSwift",
      "state" : {
        "branch" : "master",
        "revision" : "a5a6ad2ce1005cfa1f1bd949122d03fdef7a56ba"
      }
    },
    {
      "identity" : "reswift-saga",
      "kind" : "remoteSourceControl",
      "location" : "https://github.com/mitsuharu/ReSwift-Saga",
      "state" : {
        "revision" : "01d080a093c8ee45497edf4d4ef74933d7909666"
      }
    }
  ],
  "version" : 2
}
