// !$*UTF8*$!
{
	archiveVersion = 1;
	classes = {
	};
	objectVersion = 56;
	objects = {

/* Begin PBXBuildFile section */
		9B3E0E0428E5B5B700964B21 /* ReSwiftSagaSampleApp.swift in Sources */ = {isa = PBXBuildFile; fileRef = 9B3E0E0328E5B5B700964B21 /* ReSwiftSagaSampleApp.swift */; };
		9B3E0E0828E5B5B800964B21 /* Assets.xcassets in Resources */ = {isa = PBXBuildFile; fileRef = 9B3E0E0728E5B5B800964B21 /* Assets.xcassets */; };
		9B3E0E0B28E5B5B800964B21 /* Preview Assets.xcassets in Resources */ = {isa = PBXBuildFile; fileRef = 9B3E0E0A28E5B5B800964B21 /* Preview Assets.xcassets */; };
		9B3E0E1528E5B5B800964B21 /* ReSwiftSagaSampleTests.swift in Sources */ = {isa = PBXBuildFile; fileRef = 9B3E0E1428E5B5B800964B21 /* ReSwiftSagaSampleTests.swift */; };
		9B3E0E1F28E5B5B800964B21 /* ReSwiftSagaSampleUITests.swift in Sources */ = {isa = PBXBuildFile; fileRef = 9B3E0E1E28E5B5B800964B21 /* ReSwiftSagaSampleUITests.swift */; };
		9B3E0E2128E5B5B800964B21 /* ReSwiftSagaSampleUITestsLaunchTests.swift in Sources */ = {isa = PBXBuildFile; fileRef = 9B3E0E2028E5B5B800964B21 /* ReSwiftSagaSampleUITestsLaunchTests.swift */; };
		9B3E0E2F28E5B69B00964B21 /* ReSwift in Frameworks */ = {isa = PBXBuildFile; productRef = 9B3E0E2E28E5B69B00964B21 /* ReSwift */; };
		9B3E0E3F28E8414400964B21 /* AppState.swift in Sources */ = {isa = PBXBuildFile; fileRef = 9B3E0E3128E8414400964B21 /* AppState.swift */; };
		9B3E0E4028E8414400964B21 /* AppReducer.swift in Sources */ = {isa = PBXBuildFile; fileRef = 9B3E0E3228E8414400964B21 /* AppReducer.swift */; };
		9B3E0E4128E8414400964B21 /* AppStore.swift in Sources */ = {isa = PBXBuildFile; fileRef = 9B3E0E3328E8414400964B21 /* AppStore.swift */; };
		9B3E0E4C28E8417B00964B21 /* CounterState.swift in Sources */ = {isa = PBXBuildFile; fileRef = 9B3E0E4B28E8417B00964B21 /* CounterState.swift */; };
		9B3E0E4E28E8418A00964B21 /* CounterReducer.swift in Sources */ = {isa = PBXBuildFile; fileRef = 9B3E0E4D28E8418A00964B21 /* CounterReducer.swift */; };
		9B3E0E5028E8419A00964B21 /* CounterSelectors.swift in Sources */ = {isa = PBXBuildFile; fileRef = 9B3E0E4F28E8419A00964B21 /* CounterSelectors.swift */; };
		9B3E0E5228E841AD00964B21 /* CounterAction.swift in Sources */ = {isa = PBXBuildFile; fileRef = 9B3E0E5128E841AD00964B21 /* CounterAction.swift */; };
		9B3E0E5628E84B1300964B21 /* RootView.swift in Sources */ = {isa = PBXBuildFile; fileRef = 9B3E0E5528E84B1300964B21 /* RootView.swift */; };
		9B3E0E5B28E84B6900964B21 /* CounterView.swift in Sources */ = {isa = PBXBuildFile; fileRef = 9B3E0E5A28E84B6900964B21 /* CounterView.swift */; };
		9B3E0E5E28E84BC900964B21 /* CounterViewModel.swift in Sources */ = {isa = PBXBuildFile; fileRef = 9B3E0E5D28E84BC900964B21 /* CounterViewModel.swift */; };
		9B49A5C62A3C7DC70095129A /* SagaMonitor.swift in Sources */ = {isa = PBXBuildFile; fileRef = 9B49A5C52A3C7DC70095129A /* SagaMonitor.swift */; };
		9B9D926B2A3C80BA004B2105 /* UserState.swift in Sources */ = {isa = PBXBuildFile; fileRef = 9B9D926A2A3C80BA004B2105 /* UserState.swift */; };
		9B9D926D2A3C80F0004B2105 /* UserReducer.swift in Sources */ = {isa = PBXBuildFile; fileRef = 9B9D926C2A3C80F0004B2105 /* UserReducer.swift */; };
		9B9D926F2A3C8104004B2105 /* UserSelectors.swift in Sources */ = {isa = PBXBuildFile; fileRef = 9B9D926E2A3C8104004B2105 /* UserSelectors.swift */; };
		9B9D92712A3C8112004B2105 /* UserAction.swift in Sources */ = {isa = PBXBuildFile; fileRef = 9B9D92702A3C8112004B2105 /* UserAction.swift */; };
		9B9D92732A3C811C004B2105 /* UserSaga.swift in Sources */ = {isa = PBXBuildFile; fileRef = 9B9D92722A3C811C004B2105 /* UserSaga.swift */; };
		9B9D92752A3D74E8004B2105 /* Effects.swift in Sources */ = {isa = PBXBuildFile; fileRef = 9B9D92742A3D74E8004B2105 /* Effects.swift */; };
		9B9D92772A3D7564004B2105 /* SagaStore.swift in Sources */ = {isa = PBXBuildFile; fileRef = 9B9D92762A3D7564004B2105 /* SagaStore.swift */; };
		9B9D92792A3D849A004B2105 /* SagaError.swift in Sources */ = {isa = PBXBuildFile; fileRef = 9B9D92782A3D849A004B2105 /* SagaError.swift */; };
		BC0369252A25DA5E00FB140E /* Saga.swift in Sources */ = {isa = PBXBuildFile; fileRef = BC0369242A25DA5E00FB140E /* Saga.swift */; };
		BC06E2042A2AD82600650BEA /* CounterSaga.swift in Sources */ = {isa = PBXBuildFile; fileRef = BC06E2032A2AD82600650BEA /* CounterSaga.swift */; };
/* End PBXBuildFile section */

/* Begin PBXContainerItemProxy section */
		9B3E0E1128E5B5B800964B21 /* PBXContainerItemProxy */ = {
			isa = PBXContainerItemProxy;
			containerPortal = 9B3E0DF828E5B5B700964B21 /* Project object */;
			proxyType = 1;
			remoteGlobalIDString = 9B3E0DFF28E5B5B700964B21;
			remoteInfo = ReSwiftSagaSample;
		};
		9B3E0E1B28E5B5B800964B21 /* PBXContainerItemProxy */ = {
			isa = PBXContainerItemProxy;
			containerPortal = 9B3E0DF828E5B5B700964B21 /* Project object */;
			proxyType = 1;
			remoteGlobalIDString = 9B3E0DFF28E5B5B700964B21;
			remoteInfo = ReSwiftSagaSample;
		};
/* End PBXContainerItemProxy section */

/* Begin PBXFileReference section */
		9B3E0E0028E5B5B700964B21 /* ReSwiftSagaSample.app */ = {isa = PBXFileReference; explicitFileType = wrapper.application; includeInIndex = 0; path = ReSwiftSagaSample.app; sourceTree = BUILT_PRODUCTS_DIR; };
		9B3E0E0328E5B5B700964B21 /* ReSwiftSagaSampleApp.swift */ = {isa = PBXFileReference; lastKnownFileType = sourcecode.swift; path = ReSwiftSagaSampleApp.swift; sourceTree = "<group>"; };
		9B3E0E0728E5B5B800964B21 /* Assets.xcassets */ = {isa = PBXFileReference; lastKnownFileType = folder.assetcatalog; path = Assets.xcassets; sourceTree = "<group>"; };
		9B3E0E0A28E5B5B800964B21 /* Preview Assets.xcassets */ = {isa = PBXFileReference; lastKnownFileType = folder.assetcatalog; path = "Preview Assets.xcassets"; sourceTree = "<group>"; };
		9B3E0E1028E5B5B800964B21 /* ReSwiftSagaSampleTests.xctest */ = {isa = PBXFileReference; explicitFileType = wrapper.cfbundle; includeInIndex = 0; path = ReSwiftSagaSampleTests.xctest; sourceTree = BUILT_PRODUCTS_DIR; };
		9B3E0E1428E5B5B800964B21 /* ReSwiftSagaSampleTests.swift */ = {isa = PBXFileReference; lastKnownFileType = sourcecode.swift; path = ReSwiftSagaSampleTests.swift; sourceTree = "<group>"; };
		9B3E0E1A28E5B5B800964B21 /* ReSwiftSagaSampleUITests.xctest */ = {isa = PBXFileReference; explicitFileType = wrapper.cfbundle; includeInIndex = 0; path = ReSwiftSagaSampleUITests.xctest; sourceTree = BUILT_PRODUCTS_DIR; };
		9B3E0E1E28E5B5B800964B21 /* ReSwiftSagaSampleUITests.swift */ = {isa = PBXFileReference; lastKnownFileType = sourcecode.swift; path = ReSwiftSagaSampleUITests.swift; sourceTree = "<group>"; };
		9B3E0E2028E5B5B800964B21 /* ReSwiftSagaSampleUITestsLaunchTests.swift */ = {isa = PBXFileReference; lastKnownFileType = sourcecode.swift; path = ReSwiftSagaSampleUITestsLaunchTests.swift; sourceTree = "<group>"; };
		9B3E0E3128E8414400964B21 /* AppState.swift */ = {isa = PBXFileReference; fileEncoding = 4; lastKnownFileType = sourcecode.swift; path = AppState.swift; sourceTree = "<group>"; };
		9B3E0E3228E8414400964B21 /* AppReducer.swift */ = {isa = PBXFileReference; fileEncoding = 4; lastKnownFileType = sourcecode.swift; path = AppReducer.swift; sourceTree = "<group>"; };
		9B3E0E3328E8414400964B21 /* AppStore.swift */ = {isa = PBXFileReference; fileEncoding = 4; lastKnownFileType = sourcecode.swift; path = AppStore.swift; sourceTree = "<group>"; };
		9B3E0E4B28E8417B00964B21 /* CounterState.swift */ = {isa = PBXFileReference; lastKnownFileType = sourcecode.swift; path = CounterState.swift; sourceTree = "<group>"; };
		9B3E0E4D28E8418A00964B21 /* CounterReducer.swift */ = {isa = PBXFileReference; lastKnownFileType = sourcecode.swift; path = CounterReducer.swift; sourceTree = "<group>"; };
		9B3E0E4F28E8419A00964B21 /* CounterSelectors.swift */ = {isa = PBXFileReference; lastKnownFileType = sourcecode.swift; path = CounterSelectors.swift; sourceTree = "<group>"; };
		9B3E0E5128E841AD00964B21 /* CounterAction.swift */ = {isa = PBXFileReference; lastKnownFileType = sourcecode.swift; path = CounterAction.swift; sourceTree = "<group>"; };
		9B3E0E5528E84B1300964B21 /* RootView.swift */ = {isa = PBXFileReference; lastKnownFileType = sourcecode.swift; path = RootView.swift; sourceTree = "<group>"; };
		9B3E0E5A28E84B6900964B21 /* CounterView.swift */ = {isa = PBXFileReference; lastKnownFileType = sourcecode.swift; path = CounterView.swift; sourceTree = "<group>"; };
		9B3E0E5D28E84BC900964B21 /* CounterViewModel.swift */ = {isa = PBXFileReference; lastKnownFileType = sourcecode.swift; path = CounterViewModel.swift; sourceTree = "<group>"; };
		9B49A5C52A3C7DC70095129A /* SagaMonitor.swift */ = {isa = PBXFileReference; lastKnownFileType = sourcecode.swift; path = SagaMonitor.swift; sourceTree = "<group>"; };
		9B9D926A2A3C80BA004B2105 /* UserState.swift */ = {isa = PBXFileReference; lastKnownFileType = sourcecode.swift; path = UserState.swift; sourceTree = "<group>"; };
		9B9D926C2A3C80F0004B2105 /* UserReducer.swift */ = {isa = PBXFileReference; lastKnownFileType = sourcecode.swift; path = UserReducer.swift; sourceTree = "<group>"; };
		9B9D926E2A3C8104004B2105 /* UserSelectors.swift */ = {isa = PBXFileReference; lastKnownFileType = sourcecode.swift; path = UserSelectors.swift; sourceTree = "<group>"; };
		9B9D92702A3C8112004B2105 /* UserAction.swift */ = {isa = PBXFileReference; lastKnownFileType = sourcecode.swift; path = UserAction.swift; sourceTree = "<group>"; };
		9B9D92722A3C811C004B2105 /* UserSaga.swift */ = {isa = PBXFileReference; lastKnownFileType = sourcecode.swift; path = UserSaga.swift; sourceTree = "<group>"; };
		9B9D92742A3D74E8004B2105 /* Effects.swift */ = {isa = PBXFileReference; lastKnownFileType = sourcecode.swift; path = Effects.swift; sourceTree = "<group>"; };
		9B9D92762A3D7564004B2105 /* SagaStore.swift */ = {isa = PBXFileReference; lastKnownFileType = sourcecode.swift; path = SagaStore.swift; sourceTree = "<group>"; };
		9B9D92782A3D849A004B2105 /* SagaError.swift */ = {isa = PBXFileReference; lastKnownFileType = sourcecode.swift; path = SagaError.swift; sourceTree = "<group>"; };
		BC0369242A25DA5E00FB140E /* Saga.swift */ = {isa = PBXFileReference; lastKnownFileType = sourcecode.swift; path = Saga.swift; sourceTree = "<group>"; };
		BC06E2032A2AD82600650BEA /* CounterSaga.swift */ = {isa = PBXFileReference; lastKnownFileType = sourcecode.swift; path = CounterSaga.swift; sourceTree = "<group>"; };
/* End PBXFileReference section */

/* Begin PBXFrameworksBuildPhase section */
		9B3E0DFD28E5B5B700964B21 /* Frameworks */ = {
			isa = PBXFrameworksBuildPhase;
			buildActionMask = 2147483647;
			files = (
				9B3E0E2F28E5B69B00964B21 /* ReSwift in Frameworks */,
			);
			runOnlyForDeploymentPostprocessing = 0;
		};
		9B3E0E0D28E5B5B800964B21 /* Frameworks */ = {
			isa = PBXFrameworksBuildPhase;
			buildActionMask = 2147483647;
			files = (
			);
			runOnlyForDeploymentPostprocessing = 0;
		};
		9B3E0E1728E5B5B800964B21 /* Frameworks */ = {
			isa = PBXFrameworksBuildPhase;
			buildActionMask = 2147483647;
			files = (
			);
			runOnlyForDeploymentPostprocessing = 0;
		};
/* End PBXFrameworksBuildPhase section */

/* Begin PBXGroup section */
		9B3E0DF728E5B5B700964B21 = {
			isa = PBXGroup;
			children = (
				9B3E0E0228E5B5B700964B21 /* ReSwiftSagaSample */,
				9B3E0E1328E5B5B800964B21 /* ReSwiftSagaSampleTests */,
				9B3E0E1D28E5B5B800964B21 /* ReSwiftSagaSampleUITests */,
				9B3E0E0128E5B5B700964B21 /* Products */,
			);
			sourceTree = "<group>";
		};
		9B3E0E0128E5B5B700964B21 /* Products */ = {
			isa = PBXGroup;
			children = (
				9B3E0E0028E5B5B700964B21 /* ReSwiftSagaSample.app */,
				9B3E0E1028E5B5B800964B21 /* ReSwiftSagaSampleTests.xctest */,
				9B3E0E1A28E5B5B800964B21 /* ReSwiftSagaSampleUITests.xctest */,
			);
			name = Products;
			sourceTree = "<group>";
		};
		9B3E0E0228E5B5B700964B21 /* ReSwiftSagaSample */ = {
			isa = PBXGroup;
			children = (
				9B3E0E5C28E84BB700964B21 /* ViewModel */,
				9B3E0E5328E84AED00964B21 /* View */,
				9B3E0E3028E8414400964B21 /* redux */,
				BC0369212A25C47700FB140E /* redux-saga */,
				9B3E0E0328E5B5B700964B21 /* ReSwiftSagaSampleApp.swift */,
				9B3E0E0728E5B5B800964B21 /* Assets.xcassets */,
				9B3E0E0928E5B5B800964B21 /* Preview Content */,
			);
			path = ReSwiftSagaSample;
			sourceTree = "<group>";
		};
		9B3E0E0928E5B5B800964B21 /* Preview Content */ = {
			isa = PBXGroup;
			children = (
				9B3E0E0A28E5B5B800964B21 /* Preview Assets.xcassets */,
			);
			path = "Preview Content";
			sourceTree = "<group>";
		};
		9B3E0E1328E5B5B800964B21 /* ReSwiftSagaSampleTests */ = {
			isa = PBXGroup;
			children = (
				9B3E0E1428E5B5B800964B21 /* ReSwiftSagaSampleTests.swift */,
			);
			path = ReSwiftSagaSampleTests;
			sourceTree = "<group>";
		};
		9B3E0E1D28E5B5B800964B21 /* ReSwiftSagaSampleUITests */ = {
			isa = PBXGroup;
			children = (
				9B3E0E1E28E5B5B800964B21 /* ReSwiftSagaSampleUITests.swift */,
				9B3E0E2028E5B5B800964B21 /* ReSwiftSagaSampleUITestsLaunchTests.swift */,
			);
			path = ReSwiftSagaSampleUITests;
			sourceTree = "<group>";
		};
		9B3E0E3028E8414400964B21 /* redux */ = {
			isa = PBXGroup;
			children = (
				9B3E0E3128E8414400964B21 /* AppState.swift */,
				9B3E0E3228E8414400964B21 /* AppReducer.swift */,
				9B3E0E3328E8414400964B21 /* AppStore.swift */,
				9B3E0E3428E8414400964B21 /* modules */,
			);
			path = redux;
			sourceTree = "<group>";
		};
		9B3E0E3428E8414400964B21 /* modules */ = {
			isa = PBXGroup;
			children = (
				9B9D92692A3C80A3004B2105 /* User */,
				9B3E0E4A28E8416300964B21 /* Counter */,
			);
			path = modules;
			sourceTree = "<group>";
		};
		9B3E0E4A28E8416300964B21 /* Counter */ = {
			isa = PBXGroup;
			children = (
				9B3E0E4B28E8417B00964B21 /* CounterState.swift */,
				9B3E0E4D28E8418A00964B21 /* CounterReducer.swift */,
				9B3E0E4F28E8419A00964B21 /* CounterSelectors.swift */,
				9B3E0E5128E841AD00964B21 /* CounterAction.swift */,
				BC06E2032A2AD82600650BEA /* CounterSaga.swift */,
			);
			path = Counter;
			sourceTree = "<group>";
		};
		9B3E0E5328E84AED00964B21 /* View */ = {
			isa = PBXGroup;
			children = (
				9B3E0E5728E84B2600964B21 /* CounterView */,
				9B3E0E5428E84AFC00964B21 /* RootView */,
			);
			path = View;
			sourceTree = "<group>";
		};
		9B3E0E5428E84AFC00964B21 /* RootView */ = {
			isa = PBXGroup;
			children = (
				9B3E0E5528E84B1300964B21 /* RootView.swift */,
			);
			path = RootView;
			sourceTree = "<group>";
		};
		9B3E0E5728E84B2600964B21 /* CounterView */ = {
			isa = PBXGroup;
			children = (
				9B3E0E5A28E84B6900964B21 /* CounterView.swift */,
			);
			path = CounterView;
			sourceTree = "<group>";
		};
		9B3E0E5C28E84BB700964B21 /* ViewModel */ = {
			isa = PBXGroup;
			children = (
				9B3E0E5D28E84BC900964B21 /* CounterViewModel.swift */,
			);
			path = ViewModel;
			sourceTree = "<group>";
		};
		9B9D92692A3C80A3004B2105 /* User */ = {
			isa = PBXGroup;
			children = (
				9B9D926A2A3C80BA004B2105 /* UserState.swift */,
				9B9D926C2A3C80F0004B2105 /* UserReducer.swift */,
				9B9D926E2A3C8104004B2105 /* UserSelectors.swift */,
				9B9D92702A3C8112004B2105 /* UserAction.swift */,
				9B9D92722A3C811C004B2105 /* UserSaga.swift */,
			);
			path = User;
			sourceTree = "<group>";
		};
		BC0369212A25C47700FB140E /* redux-saga */ = {
			isa = PBXGroup;
			children = (
				9B9D92742A3D74E8004B2105 /* Effects.swift */,
				BC0369242A25DA5E00FB140E /* Saga.swift */,
				9B49A5C52A3C7DC70095129A /* SagaMonitor.swift */,
				9B9D92762A3D7564004B2105 /* SagaStore.swift */,
				9B9D92782A3D849A004B2105 /* SagaError.swift */,
			);
			path = "redux-saga";
			sourceTree = "<group>";
		};
/* End PBXGroup section */

/* Begin PBXNativeTarget section */
		9B3E0DFF28E5B5B700964B21 /* ReSwiftSagaSample */ = {
			isa = PBXNativeTarget;
			buildConfigurationList = 9B3E0E2428E5B5B800964B21 /* Build configuration list for PBXNativeTarget "ReSwiftSagaSample" */;
			buildPhases = (
				9B3E0DFC28E5B5B700964B21 /* Sources */,
				9B3E0DFD28E5B5B700964B21 /* Frameworks */,
				9B3E0DFE28E5B5B700964B21 /* Resources */,
			);
			buildRules = (
			);
			dependencies = (
			);
			name = ReSwiftSagaSample;
			packageProductDependencies = (
				9B3E0E2E28E5B69B00964B21 /* ReSwift */,
			);
			productName = ReSwiftSagaSample;
			productReference = 9B3E0E0028E5B5B700964B21 /* ReSwiftSagaSample.app */;
			productType = "com.apple.product-type.application";
		};
		9B3E0E0F28E5B5B800964B21 /* ReSwiftSagaSampleTests */ = {
			isa = PBXNativeTarget;
			buildConfigurationList = 9B3E0E2728E5B5B800964B21 /* Build configuration list for PBXNativeTarget "ReSwiftSagaSampleTests" */;
			buildPhases = (
				9B3E0E0C28E5B5B800964B21 /* Sources */,
				9B3E0E0D28E5B5B800964B21 /* Frameworks */,
				9B3E0E0E28E5B5B800964B21 /* Resources */,
			);
			buildRules = (
			);
			dependencies = (
				9B3E0E1228E5B5B800964B21 /* PBXTargetDependency */,
			);
			name = ReSwiftSagaSampleTests;
			productName = ReSwiftSagaSampleTests;
			productReference = 9B3E0E1028E5B5B800964B21 /* ReSwiftSagaSampleTests.xctest */;
			productType = "com.apple.product-type.bundle.unit-test";
		};
		9B3E0E1928E5B5B800964B21 /* ReSwiftSagaSampleUITests */ = {
			isa = PBXNativeTarget;
			buildConfigurationList = 9B3E0E2A28E5B5B800964B21 /* Build configuration list for PBXNativeTarget "ReSwiftSagaSampleUITests" */;
			buildPhases = (
				9B3E0E1628E5B5B800964B21 /* Sources */,
				9B3E0E1728E5B5B800964B21 /* Frameworks */,
				9B3E0E1828E5B5B800964B21 /* Resources */,
			);
			buildRules = (
			);
			dependencies = (
				9B3E0E1C28E5B5B800964B21 /* PBXTargetDependency */,
			);
			name = ReSwiftSagaSampleUITests;
			productName = ReSwiftSagaSampleUITests;
			productReference = 9B3E0E1A28E5B5B800964B21 /* ReSwiftSagaSampleUITests.xctest */;
			productType = "com.apple.product-type.bundle.ui-testing";
		};
/* End PBXNativeTarget section */

/* Begin PBXProject section */
		9B3E0DF828E5B5B700964B21 /* Project object */ = {
			isa = PBXProject;
			attributes = {
				BuildIndependentTargetsInParallel = 1;
				LastSwiftUpdateCheck = 1400;
				LastUpgradeCheck = 1400;
				TargetAttributes = {
					9B3E0DFF28E5B5B700964B21 = {
						CreatedOnToolsVersion = 14.0.1;
					};
					9B3E0E0F28E5B5B800964B21 = {
						CreatedOnToolsVersion = 14.0.1;
						TestTargetID = 9B3E0DFF28E5B5B700964B21;
					};
					9B3E0E1928E5B5B800964B21 = {
						CreatedOnToolsVersion = 14.0.1;
						TestTargetID = 9B3E0DFF28E5B5B700964B21;
					};
				};
			};
			buildConfigurationList = 9B3E0DFB28E5B5B700964B21 /* Build configuration list for PBXProject "ReSwiftSagaSample" */;
			compatibilityVersion = "Xcode 14.0";
			developmentRegion = en;
			hasScannedForEncodings = 0;
			knownRegions = (
				en,
				Base,
			);
			mainGroup = 9B3E0DF728E5B5B700964B21;
			packageReferences = (
				9B3E0E2D28E5B69B00964B21 /* XCRemoteSwiftPackageReference "ReSwift" */,
			);
			productRefGroup = 9B3E0E0128E5B5B700964B21 /* Products */;
			projectDirPath = "";
			projectRoot = "";
			targets = (
				9B3E0DFF28E5B5B700964B21 /* ReSwiftSagaSample */,
				9B3E0E0F28E5B5B800964B21 /* ReSwiftSagaSampleTests */,
				9B3E0E1928E5B5B800964B21 /* ReSwiftSagaSampleUITests */,
			);
		};
/* End PBXProject section */

/* Begin PBXResourcesBuildPhase section */
		9B3E0DFE28E5B5B700964B21 /* Resources */ = {
			isa = PBXResourcesBuildPhase;
			buildActionMask = 2147483647;
			files = (
				9B3E0E0B28E5B5B800964B21 /* Preview Assets.xcassets in Resources */,
				9B3E0E0828E5B5B800964B21 /* Assets.xcassets in Resources */,
			);
			runOnlyForDeploymentPostprocessing = 0;
		};
		9B3E0E0E28E5B5B800964B21 /* Resources */ = {
			isa = PBXResourcesBuildPhase;
			buildActionMask = 2147483647;
			files = (
			);
			runOnlyForDeploymentPostprocessing = 0;
		};
		9B3E0E1828E5B5B800964B21 /* Resources */ = {
			isa = PBXResourcesBuildPhase;
			buildActionMask = 2147483647;
			files = (
			);
			runOnlyForDeploymentPostprocessing = 0;
		};
/* End PBXResourcesBuildPhase section */

/* Begin PBXSourcesBuildPhase section */
		9B3E0DFC28E5B5B700964B21 /* Sources */ = {
			isa = PBXSourcesBuildPhase;
			buildActionMask = 2147483647;
			files = (
				9B9D92772A3D7564004B2105 /* SagaStore.swift in Sources */,
				9B3E0E4E28E8418A00964B21 /* CounterReducer.swift in Sources */,
				9B3E0E3F28E8414400964B21 /* AppState.swift in Sources */,
				9B3E0E5E28E84BC900964B21 /* CounterViewModel.swift in Sources */,
				9B9D92712A3C8112004B2105 /* UserAction.swift in Sources */,
				9B3E0E5028E8419A00964B21 /* CounterSelectors.swift in Sources */,
				BC06E2042A2AD82600650BEA /* CounterSaga.swift in Sources */,
				9B9D926D2A3C80F0004B2105 /* UserReducer.swift in Sources */,
				9B3E0E4128E8414400964B21 /* AppStore.swift in Sources */,
				9B9D926B2A3C80BA004B2105 /* UserState.swift in Sources */,
				9B3E0E5628E84B1300964B21 /* RootView.swift in Sources */,
				BC0369252A25DA5E00FB140E /* Saga.swift in Sources */,
				9B3E0E5228E841AD00964B21 /* CounterAction.swift in Sources */,
				9B3E0E5B28E84B6900964B21 /* CounterView.swift in Sources */,
				9B9D92792A3D849A004B2105 /* SagaError.swift in Sources */,
				9B3E0E4028E8414400964B21 /* AppReducer.swift in Sources */,
				9B9D926F2A3C8104004B2105 /* UserSelectors.swift in Sources */,
				9B3E0E0428E5B5B700964B21 /* ReSwiftSagaSampleApp.swift in Sources */,
				9B9D92752A3D74E8004B2105 /* Effects.swift in Sources */,
				9B9D92732A3C811C004B2105 /* UserSaga.swift in Sources */,
				9B49A5C62A3C7DC70095129A /* SagaMonitor.swift in Sources */,
				9B3E0E4C28E8417B00964B21 /* CounterState.swift in Sources */,
			);
			runOnlyForDeploymentPostprocessing = 0;
		};
		9B3E0E0C28E5B5B800964B21 /* Sources */ = {
			isa = PBXSourcesBuildPhase;
			buildActionMask = 2147483647;
			files = (
				9B3E0E1528E5B5B800964B21 /* ReSwiftSagaSampleTests.swift in Sources */,
			);
			runOnlyForDeploymentPostprocessing = 0;
		};
		9B3E0E1628E5B5B800964B21 /* Sources */ = {
			isa = PBXSourcesBuildPhase;
			buildActionMask = 2147483647;
			files = (
				9B3E0E1F28E5B5B800964B21 /* ReSwiftSagaSampleUITests.swift in Sources */,
				9B3E0E2128E5B5B800964B21 /* ReSwiftSagaSampleUITestsLaunchTests.swift in Sources */,
			);
			runOnlyForDeploymentPostprocessing = 0;
		};
/* End PBXSourcesBuildPhase section */

/* Begin PBXTargetDependency section */
		9B3E0E1228E5B5B800964B21 /* PBXTargetDependency */ = {
			isa = PBXTargetDependency;
			target = 9B3E0DFF28E5B5B700964B21 /* ReSwiftSagaSample */;
			targetProxy = 9B3E0E1128E5B5B800964B21 /* PBXContainerItemProxy */;
		};
		9B3E0E1C28E5B5B800964B21 /* PBXTargetDependency */ = {
			isa = PBXTargetDependency;
			target = 9B3E0DFF28E5B5B700964B21 /* ReSwiftSagaSample */;
			targetProxy = 9B3E0E1B28E5B5B800964B21 /* PBXContainerItemProxy */;
		};
/* End PBXTargetDependency section */

/* Begin XCBuildConfiguration section */
		9B3E0E2228E5B5B800964B21 /* Debug */ = {
			isa = XCBuildConfiguration;
			buildSettings = {
				ALWAYS_SEARCH_USER_PATHS = NO;
				CLANG_ANALYZER_NONNULL = YES;
				CLANG_ANALYZER_NUMBER_OBJECT_CONVERSION = YES_AGGRESSIVE;
				CLANG_CXX_LANGUAGE_STANDARD = "gnu++20";
				CLANG_ENABLE_MODULES = YES;
				CLANG_ENABLE_OBJC_ARC = YES;
				CLANG_ENABLE_OBJC_WEAK = YES;
				CLANG_WARN_BLOCK_CAPTURE_AUTORELEASING = YES;
				CLANG_WARN_BOOL_CONVERSION = YES;
				CLANG_WARN_COMMA = YES;
				CLANG_WARN_CONSTANT_CONVERSION = YES;
				CLANG_WARN_DEPRECATED_OBJC_IMPLEMENTATIONS = YES;
				CLANG_WARN_DIRECT_OBJC_ISA_USAGE = YES_ERROR;
				CLANG_WARN_DOCUMENTATION_COMMENTS = YES;
				CLANG_WARN_EMPTY_BODY = YES;
				CLANG_WARN_ENUM_CONVERSION = YES;
				CLANG_WARN_INFINITE_RECURSION = YES;
				CLANG_WARN_INT_CONVERSION = YES;
				CLANG_WARN_NON_LITERAL_NULL_CONVERSION = YES;
				CLANG_WARN_OBJC_IMPLICIT_RETAIN_SELF = YES;
				CLANG_WARN_OBJC_LITERAL_CONVERSION = YES;
				CLANG_WARN_OBJC_ROOT_CLASS = YES_ERROR;
				CLANG_WARN_QUOTED_INCLUDE_IN_FRAMEWORK_HEADER = YES;
				CLANG_WARN_RANGE_LOOP_ANALYSIS = YES;
				CLANG_WARN_STRICT_PROTOTYPES = YES;
				CLANG_WARN_SUSPICIOUS_MOVE = YES;
				CLANG_WARN_UNGUARDED_AVAILABILITY = YES_AGGRESSIVE;
				CLANG_WARN_UNREACHABLE_CODE = YES;
				CLANG_WARN__DUPLICATE_METHOD_MATCH = YES;
				COPY_PHASE_STRIP = NO;
				DEBUG_INFORMATION_FORMAT = dwarf;
				ENABLE_STRICT_OBJC_MSGSEND = YES;
				ENABLE_TESTABILITY = YES;
				GCC_C_LANGUAGE_STANDARD = gnu11;
				GCC_DYNAMIC_NO_PIC = NO;
				GCC_NO_COMMON_BLOCKS = YES;
				GCC_OPTIMIZATION_LEVEL = 0;
				GCC_PREPROCESSOR_DEFINITIONS = (
					"DEBUG=1",
					"$(inherited)",
				);
				GCC_WARN_64_TO_32_BIT_CONVERSION = YES;
				GCC_WARN_ABOUT_RETURN_TYPE = YES_ERROR;
				GCC_WARN_UNDECLARED_SELECTOR = YES;
				GCC_WARN_UNINITIALIZED_AUTOS = YES_AGGRESSIVE;
				GCC_WARN_UNUSED_FUNCTION = YES;
				GCC_WARN_UNUSED_VARIABLE = YES;
				IPHONEOS_DEPLOYMENT_TARGET = 16.0;
				MTL_ENABLE_DEBUG_INFO = INCLUDE_SOURCE;
				MTL_FAST_MATH = YES;
				ONLY_ACTIVE_ARCH = YES;
				SDKROOT = iphoneos;
				SWIFT_ACTIVE_COMPILATION_CONDITIONS = DEBUG;
				SWIFT_OPTIMIZATION_LEVEL = "-Onone";
			};
			name = Debug;
		};
		9B3E0E2328E5B5B800964B21 /* Release */ = {
			isa = XCBuildConfiguration;
			buildSettings = {
				ALWAYS_SEARCH_USER_PATHS = NO;
				CLANG_ANALYZER_NONNULL = YES;
				CLANG_ANALYZER_NUMBER_OBJECT_CONVERSION = YES_AGGRESSIVE;
				CLANG_CXX_LANGUAGE_STANDARD = "gnu++20";
				CLANG_ENABLE_MODULES = YES;
				CLANG_ENABLE_OBJC_ARC = YES;
				CLANG_ENABLE_OBJC_WEAK = YES;
				CLANG_WARN_BLOCK_CAPTURE_AUTORELEASING = YES;
				CLANG_WARN_BOOL_CONVERSION = YES;
				CLANG_WARN_COMMA = YES;
				CLANG_WARN_CONSTANT_CONVERSION = YES;
				CLANG_WARN_DEPRECATED_OBJC_IMPLEMENTATIONS = YES;
				CLANG_WARN_DIRECT_OBJC_ISA_USAGE = YES_ERROR;
				CLANG_WARN_DOCUMENTATION_COMMENTS = YES;
				CLANG_WARN_EMPTY_BODY = YES;
				CLANG_WARN_ENUM_CONVERSION = YES;
				CLANG_WARN_INFINITE_RECURSION = YES;
				CLANG_WARN_INT_CONVERSION = YES;
				CLANG_WARN_NON_LITERAL_NULL_CONVERSION = YES;
				CLANG_WARN_OBJC_IMPLICIT_RETAIN_SELF = YES;
				CLANG_WARN_OBJC_LITERAL_CONVERSION = YES;
				CLANG_WARN_OBJC_ROOT_CLASS = YES_ERROR;
				CLANG_WARN_QUOTED_INCLUDE_IN_FRAMEWORK_HEADER = YES;
				CLANG_WARN_RANGE_LOOP_ANALYSIS = YES;
				CLANG_WARN_STRICT_PROTOTYPES = YES;
				CLANG_WARN_SUSPICIOUS_MOVE = YES;
				CLANG_WARN_UNGUARDED_AVAILABILITY = YES_AGGRESSIVE;
				CLANG_WARN_UNREACHABLE_CODE = YES;
				CLANG_WARN__DUPLICATE_METHOD_MATCH = YES;
				COPY_PHASE_STRIP = NO;
				DEBUG_INFORMATION_FORMAT = "dwarf-with-dsym";
				ENABLE_NS_ASSERTIONS = NO;
				ENABLE_STRICT_OBJC_MSGSEND = YES;
				GCC_C_LANGUAGE_STANDARD = gnu11;
				GCC_NO_COMMON_BLOCKS = YES;
				GCC_WARN_64_TO_32_BIT_CONVERSION = YES;
				GCC_WARN_ABOUT_RETURN_TYPE = YES_ERROR;
				GCC_WARN_UNDECLARED_SELECTOR = YES;
				GCC_WARN_UNINITIALIZED_AUTOS = YES_AGGRESSIVE;
				GCC_WARN_UNUSED_FUNCTION = YES;
				GCC_WARN_UNUSED_VARIABLE = YES;
				IPHONEOS_DEPLOYMENT_TARGET = 16.0;
				MTL_ENABLE_DEBUG_INFO = NO;
				MTL_FAST_MATH = YES;
				SDKROOT = iphoneos;
				SWIFT_COMPILATION_MODE = wholemodule;
				SWIFT_OPTIMIZATION_LEVEL = "-O";
				VALIDATE_PRODUCT = YES;
			};
			name = Release;
		};
		9B3E0E2528E5B5B800964B21 /* Debug */ = {
			isa = XCBuildConfiguration;
			buildSettings = {
				ASSETCATALOG_COMPILER_APPICON_NAME = AppIcon;
				ASSETCATALOG_COMPILER_GLOBAL_ACCENT_COLOR_NAME = AccentColor;
				CODE_SIGN_STYLE = Automatic;
				CURRENT_PROJECT_VERSION = 1;
				DEVELOPMENT_ASSET_PATHS = "\"ReSwiftSagaSample/Preview Content\"";
				ENABLE_PREVIEWS = YES;
				GENERATE_INFOPLIST_FILE = YES;
				INFOPLIST_KEY_UIApplicationSceneManifest_Generation = YES;
				INFOPLIST_KEY_UIApplicationSupportsIndirectInputEvents = YES;
				INFOPLIST_KEY_UILaunchScreen_Generation = YES;
				INFOPLIST_KEY_UISupportedInterfaceOrientations_iPad = "UIInterfaceOrientationPortrait UIInterfaceOrientationPortraitUpsideDown UIInterfaceOrientationLandscapeLeft UIInterfaceOrientationLandscapeRight";
				INFOPLIST_KEY_UISupportedInterfaceOrientations_iPhone = "UIInterfaceOrientationPortrait UIInterfaceOrientationLandscapeLeft UIInterfaceOrientationLandscapeRight";
				LD_RUNPATH_SEARCH_PATHS = (
					"$(inherited)",
					"@executable_path/Frameworks",
				);
				MARKETING_VERSION = 1.0;
				PRODUCT_BUNDLE_IDENTIFIER = com.example.ReSwiftSagaSample;
				PRODUCT_NAME = "$(TARGET_NAME)";
				SWIFT_EMIT_LOC_STRINGS = YES;
				SWIFT_VERSION = 5.0;
				TARGETED_DEVICE_FAMILY = "1,2";
			};
			name = Debug;
		};
		9B3E0E2628E5B5B800964B21 /* Release */ = {
			isa = XCBuildConfiguration;
			buildSettings = {
				ASSETCATALOG_COMPILER_APPICON_NAME = AppIcon;
				ASSETCATALOG_COMPILER_GLOBAL_ACCENT_COLOR_NAME = AccentColor;
				CODE_SIGN_STYLE = Automatic;
				CURRENT_PROJECT_VERSION = 1;
				DEVELOPMENT_ASSET_PATHS = "\"ReSwiftSagaSample/Preview Content\"";
				ENABLE_PREVIEWS = YES;
				GENERATE_INFOPLIST_FILE = YES;
				INFOPLIST_KEY_UIApplicationSceneManifest_Generation = YES;
				INFOPLIST_KEY_UIApplicationSupportsIndirectInputEvents = YES;
				INFOPLIST_KEY_UILaunchScreen_Generation = YES;
				INFOPLIST_KEY_UISupportedInterfaceOrientations_iPad = "UIInterfaceOrientationPortrait UIInterfaceOrientationPortraitUpsideDown UIInterfaceOrientationLandscapeLeft UIInterfaceOrientationLandscapeRight";
				INFOPLIST_KEY_UISupportedInterfaceOrientations_iPhone = "UIInterfaceOrientationPortrait UIInterfaceOrientationLandscapeLeft UIInterfaceOrientationLandscapeRight";
				LD_RUNPATH_SEARCH_PATHS = (
					"$(inherited)",
					"@executable_path/Frameworks",
				);
				MARKETING_VERSION = 1.0;
				PRODUCT_BUNDLE_IDENTIFIER = com.example.ReSwiftSagaSample;
				PRODUCT_NAME = "$(TARGET_NAME)";
				SWIFT_EMIT_LOC_STRINGS = YES;
				SWIFT_VERSION = 5.0;
				TARGETED_DEVICE_FAMILY = "1,2";
			};
			name = Release;
		};
		9B3E0E2828E5B5B800964B21 /* Debug */ = {
			isa = XCBuildConfiguration;
			buildSettings = {
				ALWAYS_EMBED_SWIFT_STANDARD_LIBRARIES = YES;
				BUNDLE_LOADER = "$(TEST_HOST)";
				CODE_SIGN_STYLE = Automatic;
				CURRENT_PROJECT_VERSION = 1;
				GENERATE_INFOPLIST_FILE = YES;
				IPHONEOS_DEPLOYMENT_TARGET = 16.0;
				MARKETING_VERSION = 1.0;
				PRODUCT_BUNDLE_IDENTIFIER = com.example.ReSwiftSagaSampleTests;
				PRODUCT_NAME = "$(TARGET_NAME)";
				SWIFT_EMIT_LOC_STRINGS = NO;
				SWIFT_VERSION = 5.0;
				TARGETED_DEVICE_FAMILY = "1,2";
				TEST_HOST = "$(BUILT_PRODUCTS_DIR)/ReSwiftSagaSample.app/$(BUNDLE_EXECUTABLE_FOLDER_PATH)/ReSwiftSagaSample";
			};
			name = Debug;
		};
		9B3E0E2928E5B5B800964B21 /* Release */ = {
			isa = XCBuildConfiguration;
			buildSettings = {
				ALWAYS_EMBED_SWIFT_STANDARD_LIBRARIES = YES;
				BUNDLE_LOADER = "$(TEST_HOST)";
				CODE_SIGN_STYLE = Automatic;
				CURRENT_PROJECT_VERSION = 1;
				GENERATE_INFOPLIST_FILE = YES;
				IPHONEOS_DEPLOYMENT_TARGET = 16.0;
				MARKETING_VERSION = 1.0;
				PRODUCT_BUNDLE_IDENTIFIER = com.example.ReSwiftSagaSampleTests;
				PRODUCT_NAME = "$(TARGET_NAME)";
				SWIFT_EMIT_LOC_STRINGS = NO;
				SWIFT_VERSION = 5.0;
				TARGETED_DEVICE_FAMILY = "1,2";
				TEST_HOST = "$(BUILT_PRODUCTS_DIR)/ReSwiftSagaSample.app/$(BUNDLE_EXECUTABLE_FOLDER_PATH)/ReSwiftSagaSample";
			};
			name = Release;
		};
		9B3E0E2B28E5B5B800964B21 /* Debug */ = {
			isa = XCBuildConfiguration;
			buildSettings = {
				ALWAYS_EMBED_SWIFT_STANDARD_LIBRARIES = YES;
				CODE_SIGN_STYLE = Automatic;
				CURRENT_PROJECT_VERSION = 1;
				GENERATE_INFOPLIST_FILE = YES;
				MARKETING_VERSION = 1.0;
				PRODUCT_BUNDLE_IDENTIFIER = com.example.ReSwiftSagaSampleUITests;
				PRODUCT_NAME = "$(TARGET_NAME)";
				SWIFT_EMIT_LOC_STRINGS = NO;
				SWIFT_VERSION = 5.0;
				TARGETED_DEVICE_FAMILY = "1,2";
				TEST_TARGET_NAME = ReSwiftSagaSample;
			};
			name = Debug;
		};
		9B3E0E2C28E5B5B800964B21 /* Release */ = {
			isa = XCBuildConfiguration;
			buildSettings = {
				ALWAYS_EMBED_SWIFT_STANDARD_LIBRARIES = YES;
				CODE_SIGN_STYLE = Automatic;
				CURRENT_PROJECT_VERSION = 1;
				GENERATE_INFOPLIST_FILE = YES;
				MARKETING_VERSION = 1.0;
				PRODUCT_BUNDLE_IDENTIFIER = com.example.ReSwiftSagaSampleUITests;
				PRODUCT_NAME = "$(TARGET_NAME)";
				SWIFT_EMIT_LOC_STRINGS = NO;
				SWIFT_VERSION = 5.0;
				TARGETED_DEVICE_FAMILY = "1,2";
				TEST_TARGET_NAME = ReSwiftSagaSample;
			};
			name = Release;
		};
/* End XCBuildConfiguration section */

/* Begin XCConfigurationList section */
		9B3E0DFB28E5B5B700964B21 /* Build configuration list for PBXProject "ReSwiftSagaSample" */ = {
			isa = XCConfigurationList;
			buildConfigurations = (
				9B3E0E2228E5B5B800964B21 /* Debug */,
				9B3E0E2328E5B5B800964B21 /* Release */,
			);
			defaultConfigurationIsVisible = 0;
			defaultConfigurationName = Release;
		};
		9B3E0E2428E5B5B800964B21 /* Build configuration list for PBXNativeTarget "ReSwiftSagaSample" */ = {
			isa = XCConfigurationList;
			buildConfigurations = (
				9B3E0E2528E5B5B800964B21 /* Debug */,
				9B3E0E2628E5B5B800964B21 /* Release */,
			);
			defaultConfigurationIsVisible = 0;
			defaultConfigurationName = Release;
		};
		9B3E0E2728E5B5B800964B21 /* Build configuration list for PBXNativeTarget "ReSwiftSagaSampleTests" */ = {
			isa = XCConfigurationList;
			buildConfigurations = (
				9B3E0E2828E5B5B800964B21 /* Debug */,
				9B3E0E2928E5B5B800964B21 /* Release */,
			);
			defaultConfigurationIsVisible = 0;
			defaultConfigurationName = Release;
		};
		9B3E0E2A28E5B5B800964B21 /* Build configuration list for PBXNativeTarget "ReSwiftSagaSampleUITests" */ = {
			isa = XCConfigurationList;
			buildConfigurations = (
				9B3E0E2B28E5B5B800964B21 /* Debug */,
				9B3E0E2C28E5B5B800964B21 /* Release */,
			);
			defaultConfigurationIsVisible = 0;
			defaultConfigurationName = Release;
		};
/* End XCConfigurationList section */

/* Begin XCRemoteSwiftPackageReference section */
		9B3E0E2D28E5B69B00964B21 /* XCRemoteSwiftPackageReference "ReSwift" */ = {
			isa = XCRemoteSwiftPackageReference;
			repositoryURL = "https://github.com/ReSwift/ReSwift";
			requirement = {
				branch = master;
				kind = branch;
			};
		};
/* End XCRemoteSwiftPackageReference section */

/* Begin XCSwiftPackageProductDependency section */
		9B3E0E2E28E5B69B00964B21 /* ReSwift */ = {
			isa = XCSwiftPackageProductDependency;
			package = 9B3E0E2D28E5B69B00964B21 /* XCRemoteSwiftPackageReference "ReSwift" */;
			productName = ReSwift;
		};
/* End XCSwiftPackageProductDependency section */
	};
	rootObject = 9B3E0DF828E5B5B700964B21 /* Project object */;
}
